
Microsoft Visual Studio Solution File, Format Version 12.00
# Visual Studio 15
VisualStudioVersion = 15.0.28307.902
MinimumVisualStudioVersion = 10.0.40219.1
Project("{FAE04EC0-301F-11D3-BF4B-00C04F79EFBC}") = "Ueditor", "Ueditor\Ueditor.csproj", "{AD0ABE58-A5EE-4B25-9ABE-B0B069A852CD}"
EndProject
Project("{FAE04EC0-301F-11D3-BF4B-00C04F79EFBC}") = "Poster", "Poster\Poster.csproj", "{2B8DCCA5-148E-42DA-9281-5B34AD3EAF5F}"
EndProject
Project("{FAE04EC0-301F-11D3-BF4B-00C04F79EFBC}") = "Test", "Test\Test.csproj", "{6549C2E7-87DF-49AD-AFE7-BF4BED2118F0}"
EndProject
Project("{FAE04EC0-301F-11D3-BF4B-00C04F79EFBC}") = "WebSocketSer", "WebSocketSer\WebSocketSer.csproj", "{61F71B6A-2528-42C1-B1DC-D1520F356E0D}"
EndProject
Project("{FAE04EC0-301F-11D3-BF4B-00C04F79EFBC}") = "TaskWork", "TaskWork\TaskWork.csproj", "{D5C792A5-A935-4791-8CA1-333B28686C08}"
EndProject
Project("{FAE04EC0-301F-11D3-BF4B-00C04F79EFBC}") = "QuartzDemo", "Quartz\QuartzDemo.csproj", "{5A76F991-F1B6-41DE-BF01-C1BA7BA16983}"
EndProject
Global
	GlobalSection(SolutionConfigurationPlatforms) = preSolution
		Debug|Any CPU = Debug|Any CPU
		Release|Any CPU = Release|Any CPU
	EndGlobalSection
	GlobalSection(ProjectConfigurationPlatforms) = postSolution
		{AD0ABE58-A5EE-4B25-9ABE-B0B069A852CD}.Debug|Any CPU.ActiveCfg = Debug|Any CPU
		{AD0ABE58-A5EE-4B25-9ABE-B0B069A852CD}.Debug|Any CPU.Build.0 = Debug|Any CPU
		{AD0ABE58-A5EE-4B25-9ABE-B0B069A852CD}.Release|Any CPU.ActiveCfg = Release|Any CPU
		{AD0ABE58-A5EE-4B25-9ABE-B0B069A852CD}.Release|Any CPU.Build.0 = Release|Any CPU
		{2B8DCCA5-148E-42DA-9281-5B34AD3EAF5F}.Debug|Any CPU.ActiveCfg = Debug|Any CPU
		{2B8DCCA5-148E-42DA-9281-5B34AD3EAF5F}.Debug|Any CPU.Build.0 = Debug|Any CPU
		{2B8DCCA5-148E-42DA-9281-5B34AD3EAF5F}.Release|Any CPU.ActiveCfg = Release|Any CPU
		{2B8DCCA5-148E-42DA-9281-5B34AD3EAF5F}.Release|Any CPU.Build.0 = Release|Any CPU
		{6549C2E7-87DF-49AD-AFE7-BF4BED2118F0}.Debug|Any CPU.ActiveCfg = Debug|Any CPU
		{6549C2E7-87DF-49AD-AFE7-BF4BED2118F0}.Debug|Any CPU.Build.0 = Debug|Any CPU
		{6549C2E7-87DF-49AD-AFE7-BF4BED2118F0}.Release|Any CPU.ActiveCfg = Release|Any CPU
		{6549C2E7-87DF-49AD-AFE7-BF4BED2118F0}.Release|Any CPU.Build.0 = Release|Any CPU
		{61F71B6A-2528-42C1-B1DC-D1520F356E0D}.Debug|Any CPU.ActiveCfg = Debug|Any CPU
		{61F71B6A-2528-42C1-B1DC-D1520F356E0D}.Debug|Any CPU.Build.0 = Debug|Any CPU
		{61F71B6A-2528-42C1-B1DC-D1520F356E0D}.Release|Any CPU.ActiveCfg = Release|Any CPU
		{61F71B6A-2528-42C1-B1DC-D1520F356E0D}.Release|Any CPU.Build.0 = Release|Any CPU
		{D5C792A5-A935-4791-8CA1-333B28686C08}.Debug|Any CPU.ActiveCfg = Debug|Any CPU
		{D5C792A5-A935-4791-8CA1-333B28686C08}.Debug|Any CPU.Build.0 = Debug|Any CPU
		{D5C792A5-A935-4791-8CA1-333B28686C08}.Release|Any CPU.ActiveCfg = Release|Any CPU
		{D5C792A5-A935-4791-8CA1-333B28686C08}.Release|Any CPU.Build.0 = Release|Any CPU
		{5A76F991-F1B6-41DE-BF01-C1BA7BA16983}.Debug|Any CPU.ActiveCfg = Debug|Any CPU
		{5A76F991-F1B6-41DE-BF01-C1BA7BA16983}.Debug|Any CPU.Build.0 = Debug|Any CPU
		{5A76F991-F1B6-41DE-BF01-C1BA7BA16983}.Release|Any CPU.ActiveCfg = Release|Any CPU
		{5A76F991-F1B6-41DE-BF01-C1BA7BA16983}.Release|Any CPU.Build.0 = Release|Any CPU
	EndGlobalSection
	GlobalSection(SolutionProperties) = preSolution
		HideSolutionNode = FALSE
	EndGlobalSection
	GlobalSection(ExtensibilityGlobals) = postSolution
		SolutionGuid = {807694C4-949D-41FE-9EBD-CD081879FB03}
	EndGlobalSection
EndGlobal
